
Microsoft Visual Studio Solution File, Format Version 12.00
# Visual Studio Version 17
VisualStudioVersion = 17.5.33502.453
MinimumVisualStudioVersion = 10.0.40219.1
Project("{9A19103F-16F7-4668-BE54-9A1E7A4F7556}") = "DigitalDesignCounter", "DigitalDesignCounter\DigitalDesignCounter.csproj", "{DB030285-A7AD-4CE5-B181-E4FA73235BCB}"
EndProject
Project("{FAE04EC0-301F-11D3-BF4B-00C04F79EFBC}") = "DDCounter", "DDCounter\DDCounter.csproj", "{37C177B5-0910-4A01-A802-677A1BD06BCE}"
EndProject
Global
	GlobalSection(SolutionConfigurationPlatforms) = preSolution
		Debug|Any CPU = Debug|Any CPU
		Release|Any CPU = Release|Any CPU
	EndGlobalSection
	GlobalSection(ProjectConfigurationPlatforms) = postSolution
		{DB030285-A7AD-4CE5-B181-E4FA73235BCB}.Debug|Any CPU.ActiveCfg = Debug|Any CPU
		{DB030285-A7AD-4CE5-B181-E4FA73235BCB}.Debug|Any CPU.Build.0 = Debug|Any CPU
		{DB030285-A7AD-4CE5-B181-E4FA73235BCB}.Release|Any CPU.ActiveCfg = Release|Any CPU
		{DB030285-A7AD-4CE5-B181-E4FA73235BCB}.Release|Any CPU.Build.0 = Release|Any CPU
		{37C177B5-0910-4A01-A802-677A1BD06BCE}.Debug|Any CPU.ActiveCfg = Debug|Any CPU
		{37C177B5-0910-4A01-A802-677A1BD06BCE}.Debug|Any CPU.Build.0 = Debug|Any CPU
		{37C177B5-0910-4A01-A802-677A1BD06BCE}.Release|Any CPU.ActiveCfg = Release|Any CPU
		{37C177B5-0910-4A01-A802-677A1BD06BCE}.Release|Any CPU.Build.0 = Release|Any CPU
	EndGlobalSection
	GlobalSection(SolutionProperties) = preSolution
		HideSolutionNode = FALSE
	EndGlobalSection
	GlobalSection(ExtensibilityGlobals) = postSolution
		SolutionGuid = {CCE52945-C92A-4764-A8B3-890EFD2063AC}
	EndGlobalSection
EndGlobal
